
Microsoft Visual Studio Solution File, Format Version 12.00
# Visual Studio Version 16
VisualStudioVersion = 16.0.28803.202
MinimumVisualStudioVersion = 10.0.40219.1
Project("{FAE04EC0-301F-11D3-BF4B-00C04F79EFBC}") = "HataYonetimi_Kurs", "HataYonetimi_Kurs\HataYonetimi_Kurs.csproj", "{885834E2-622A-4B6D-823B-D0C35647D314}"
EndProject
Global
	GlobalSection(SolutionConfigurationPlatforms) = preSolution
		Debug|Any CPU = Debug|Any CPU
		Release|Any CPU = Release|Any CPU
	EndGlobalSection
	GlobalSection(ProjectConfigurationPlatforms) = postSolution
		{885834E2-622A-4B6D-823B-D0C35647D314}.Debug|Any CPU.ActiveCfg = Debug|Any CPU
		{885834E2-622A-4B6D-823B-D0C35647D314}.Debug|Any CPU.Build.0 = Debug|Any CPU
		{885834E2-622A-4B6D-823B-D0C35647D314}.Release|Any CPU.ActiveCfg = Release|Any CPU
		{885834E2-622A-4B6D-823B-D0C35647D314}.Release|Any CPU.Build.0 = Release|Any CPU
	EndGlobalSection
	GlobalSection(SolutionProperties) = preSolution
		HideSolutionNode = FALSE
	EndGlobalSection
	GlobalSection(ExtensibilityGlobals) = postSolution
		SolutionGuid = {AB629012-3C39-44A6-8675-8BCC4E9395C1}
	EndGlobalSection
EndGlobal
